schema: '2.0'
stages:
  data_ingestion:
    cmd: python src/Data_Ingestion.py
    deps:
    - path: src/Data_Ingestion.py
      hash: md5
      md5: bf6c1d50dfd2a648657736154d1fb2c0
      size: 5182
    - path: src/connections/s3_connections.py
      hash: md5
      md5: 6b5c0242518b1119358cde6d0318b502
      size: 1940
    params:
      params.yaml:
        data_ingestion.random_state: 42
        data_ingestion.s3_key: data/Malicious-Url.csv
        data_ingestion.test_size: 0.24
    outs:
    - path: data/raw/merged.csv
      hash: md5
      md5: 4811a37340bd7d34b508ab92f24eefdc
      size: 151416430
    - path: data/raw/test.csv
      hash: md5
      md5: 9af23a6bc031d3601143292461a680cf
      size: 35664894
    - path: data/raw/train.csv
      hash: md5
      md5: 68d15887b77489f7c17f5f43c35bd4af
      size: 112906927
  data_validation:
    cmd: python src/Data_Validation.py
    deps:
    - path: data/raw/test.csv
      hash: md5
      md5: 9af23a6bc031d3601143292461a680cf
      size: 35664894
    - path: data/raw/train.csv
      hash: md5
      md5: 68d15887b77489f7c17f5f43c35bd4af
      size: 112906927
    - path: src/Data_Validation.py
      hash: md5
      md5: 4b597fc14345262d1ee8931c901f4b81
      size: 3906
    params:
      params.yaml:
        data_validation.max_url_len: 10000
        data_validation.min_row_count: 1000
        data_validation.min_url_len: 1
        data_validation.valid_labels:
        - 0
        - 1
        - 2
        - 3
  feature_engineering:
    cmd: python src/Feature_Engineering.py
    deps:
    - path: data/raw/test.csv
      hash: md5
      md5: 9af23a6bc031d3601143292461a680cf
      size: 35664894
    - path: data/raw/train.csv
      hash: md5
      md5: 68d15887b77489f7c17f5f43c35bd4af
      size: 112906927
    - path: src/Feature_Engineering.py
      hash: md5
      md5: ab45f1343f70866163a3c71137db31de
      size: 6644
    params:
      params.yaml:
        feature_engineering.columns_to_drop:
        - url
        - domain
        - scan_date
        - type
    outs:
    - path: data/processed/test.csv
      hash: md5
      md5: 75744746019452e4dc60c0e48563245e
      size: 13025215
    - path: data/processed/train.csv
      hash: md5
      md5: d7b3972803c4424a2e9223c868e56e6d
      size: 27021977
  data_preprocessing:
    cmd: python src/Data_Preprocessing.py
    deps:
    - path: data/processed/test.csv
      hash: md5
      md5: 75744746019452e4dc60c0e48563245e
      size: 13025215
    - path: data/processed/train.csv
      hash: md5
      md5: d7b3972803c4424a2e9223c868e56e6d
      size: 27021977
    - path: src/Data_Preprocessing.py
      hash: md5
      md5: 1c7e5b889a9692880d6d855bb3564e45
      size: 3547
    outs:
    - path: artifacts/preprocessing.pkl
      hash: md5
      md5: 772c379beb75731da75f132b5d368512
      size: 3671
    - path: data/preprocessed/test.csv
      hash: md5
      md5: 5e16c006c953d7c2eaaea131f6a41ec6
      size: 100958515
    - path: data/preprocessed/train.csv
      hash: md5
      md5: fb15e8838daa96ba8b8d63a5886c08aa
      size: 207397121
  model_training:
    cmd: python src/Model_Training.py
    deps:
    - path: data/preprocessed/train.csv
      hash: md5
      md5: fb15e8838daa96ba8b8d63a5886c08aa
      size: 207397121
    - path: src/Model_Training.py
      hash: md5
      md5: 463ce35db73ce12c82a131b2f3570bd8
      size: 4415
    params:
      params.yaml:
        model_training.colsample_bytree: 1.0
        model_training.device: cuda
        model_training.eval_metric: mlogloss
        model_training.learning_rate: 0.1
        model_training.max_depth: 9
        model_training.min_child_weight: 1
        model_training.n_estimators: 300
        model_training.random_state: 42
        model_training.scale_pos_weight: 3
        model_training.subsample: 0.8
        model_training.tree_method: hist
    outs:
    - path: artifacts/run_id.json
      hash: md5
      md5: 6e0440a42788a26a4406458a51fbc1b7
      size: 46
  model_evaluation:
    cmd: python src/Model_Evaluation.py
    deps:
    - path: artifacts/run_id.json
      hash: md5
      md5: 6e0440a42788a26a4406458a51fbc1b7
      size: 46
    - path: data/preprocessed/test.csv
      hash: md5
      md5: 5e16c006c953d7c2eaaea131f6a41ec6
      size: 100958515
    - path: src/Model_Evaluation.py
      hash: md5
      md5: 07dbdb76e8cc93de9291266d6ea1c682
      size: 5091
    params:
      params.yaml:
        model_evaluation.f1_threshold: 0.8
    outs:
    - path: artifacts/metrics.json
      hash: md5
      md5: 9e14617fcb1dec6eb022b84b66031cdc
      size: 162
    - path: artifacts/plots/pr_curve.png
      hash: md5
      md5: 40eb57b19cf4c2451725f4ce36e3f215
      size: 35590
    - path: artifacts/plots/roc_curve.png
      hash: md5
      md5: 14933fdb339f70cf3e95cf2df92c7396
      size: 43744
  model_registry:
    cmd: python src/Model_Registry.py
    deps:
    - path: artifacts/metrics.json
      hash: md5
      md5: 9e14617fcb1dec6eb022b84b66031cdc
      size: 162
    - path: artifacts/run_id.json
      hash: md5
      md5: 6e0440a42788a26a4406458a51fbc1b7
      size: 46
    - path: src/Model_Registry.py
      hash: md5
      md5: f5bf624a3b89f79291c505f8fe4e24cb
      size: 4384
    params:
      params.yaml:
        model_evaluation.f1_threshold: 0.8
